// !$*UTF8*$!
{
	archiveVersion = 1;
	classes = {
	};
	objectVersion = 46;
	objects = {

/* Begin PBXBuildFile section */
		B994C6C81F398FA900050FD3 /* AppDelegate.swift in Sources */ = {isa = PBXBuildFile; fileRef = B994C6C71F398FA900050FD3 /* AppDelegate.swift */; };
		B994C6CA1F398FA900050FD3 /* ViewController.swift in Sources */ = {isa = PBXBuildFile; fileRef = B994C6C91F398FA900050FD3 /* ViewController.swift */; };
		B994C6CD1F398FA900050FD3 /* Main.storyboard in Resources */ = {isa = PBXBuildFile; fileRef = B994C6CB1F398FA900050FD3 /* Main.storyboard */; };
		B994C6CF1F398FA900050FD3 /* Assets.xcassets in Resources */ = {isa = PBXBuildFile; fileRef = B994C6CE1F398FA900050FD3 /* Assets.xcassets */; };
		B994C6D21F398FA900050FD3 /* LaunchScreen.storyboard in Resources */ = {isa = PBXBuildFile; fileRef = B994C6D01F398FA900050FD3 /* LaunchScreen.storyboard */; };
		B994C6DD1F398FA900050FD3 /* LivebotTests.swift in Sources */ = {isa = PBXBuildFile; fileRef = B994C6DC1F398FA900050FD3 /* LivebotTests.swift */; };
		B994C6E81F398FA900050FD3 /* LivebotUITests.swift in Sources */ = {isa = PBXBuildFile; fileRef = B994C6E71F398FA900050FD3 /* LivebotUITests.swift */; };
/* End PBXBuildFile section */

/* Begin PBXContainerItemProxy section */
		B994C6D91F398FA900050FD3 /* PBXContainerItemProxy */ = {
			isa = PBXContainerItemProxy;
			containerPortal = B994C6BC1F398FA900050FD3 /* Project object */;
			proxyType = 1;
			remoteGlobalIDString = B994C6C31F398FA900050FD3;
			remoteInfo = Livebot;
		};
		B994C6E41F398FA900050FD3 /* PBXContainerItemProxy */ = {
			isa = PBXContainerItemProxy;
			containerPortal = B994C6BC1F398FA900050FD3 /* Project object */;
			proxyType = 1;
			remoteGlobalIDString = B994C6C31F398FA900050FD3;
			remoteInfo = Livebot;
		};
/* End PBXContainerItemProxy section */

/* Begin PBXFileReference section */
		B994C6C41F398FA900050FD3 /* Livebot.app */ = {isa = PBXFileReference; explicitFileType = wrapper.application; includeInIndex = 0; path = Livebot.app; sourceTree = BUILT_PRODUCTS_DIR; };
		B994C6C71F398FA900050FD3 /* AppDelegate.swift */ = {isa = PBXFileReference; lastKnownFileType = sourcecode.swift; path = AppDelegate.swift; sourceTree = "<group>"; };
		B994C6C91F398FA900050FD3 /* ViewController.swift */ = {isa = PBXFileReference; lastKnownFileType = sourcecode.swift; path = ViewController.swift; sourceTree = "<group>"; };
		B994C6CC1F398FA900050FD3 /* Base */ = {isa = PBXFileReference; lastKnownFileType = file.storyboard; name = Base; path = Base.lproj/Main.storyboard; sourceTree = "<group>"; };
		B994C6CE1F398FA900050FD3 /* Assets.xcassets */ = {isa = PBXFileReference; lastKnownFileType = folder.assetcatalog; path = Assets.xcassets; sourceTree = "<group>"; };
		B994C6D11F398FA900050FD3 /* Base */ = {isa = PBXFileReference; lastKnownFileType = file.storyboard; name = Base; path = Base.lproj/LaunchScreen.storyboard; sourceTree = "<group>"; };
		B994C6D31F398FA900050FD3 /* Info.plist */ = {isa = PBXFileReference; lastKnownFileType = text.plist.xml; path = Info.plist; sourceTree = "<group>"; };
		B994C6D81F398FA900050FD3 /* LivebotTests.xctest */ = {isa = PBXFileReference; explicitFileType = wrapper.cfbundle; includeInIndex = 0; path = LivebotTests.xctest; sourceTree = BUILT_PRODUCTS_DIR; };
		B994C6DC1F398FA900050FD3 /* LivebotTests.swift */ = {isa = PBXFileReference; lastKnownFileType = sourcecode.swift; path = LivebotTests.swift; sourceTree = "<group>"; };
		B994C6DE1F398FA900050FD3 /* Info.plist */ = {isa = PBXFileReference; lastKnownFileType = text.plist.xml; path = Info.plist; sourceTree = "<group>"; };
		B994C6E31F398FA900050FD3 /* LivebotUITests.xctest */ = {isa = PBXFileReference; explicitFileType = wrapper.cfbundle; includeInIndex = 0; path = LivebotUITests.xctest; sourceTree = BUILT_PRODUCTS_DIR; };
		B994C6E71F398FA900050FD3 /* LivebotUITests.swift */ = {isa = PBXFileReference; lastKnownFileType = sourcecode.swift; path = LivebotUITests.swift; sourceTree = "<group>"; };
		B994C6E91F398FA900050FD3 /* Info.plist */ = {isa = PBXFileReference; lastKnownFileType = text.plist.xml; path = Info.plist; sourceTree = "<group>"; };
/* End PBXFileReference section */

/* Begin PBXFrameworksBuildPhase section */
		B994C6C11F398FA900050FD3 /* Frameworks */ = {
			isa = PBXFrameworksBuildPhase;
			buildActionMask = 2147483647;
			files = (
			);
			runOnlyForDeploymentPostprocessing = 0;
		};
		B994C6D51F398FA900050FD3 /* Frameworks */ = {
			isa = PBXFrameworksBuildPhase;
			buildActionMask = 2147483647;
			files = (
			);
			runOnlyForDeploymentPostprocessing = 0;
		};
		B994C6E01F398FA900050FD3 /* Frameworks */ = {
			isa = PBXFrameworksBuildPhase;
			buildActionMask = 2147483647;
			files = (
			);
			runOnlyForDeploymentPostprocessing = 0;
		};
/* End PBXFrameworksBuildPhase section */

/* Begin PBXGroup section */
		B994C6BB1F398FA900050FD3 = {
			isa = PBXGroup;
			children = (
				B994C6C61F398FA900050FD3 /* Livebot */,
				B994C6DB1F398FA900050FD3 /* LivebotTests */,
				B994C6E61F398FA900050FD3 /* LivebotUITests */,
				B994C6C51F398FA900050FD3 /* Products */,
			);
			sourceTree = "<group>";
		};
		B994C6C51F398FA900050FD3 /* Products */ = {
			isa = PBXGroup;
			children = (
				B994C6C41F398FA900050FD3 /* Livebot.app */,
				B994C6D81F398FA900050FD3 /* LivebotTests.xctest */,
				B994C6E31F398FA900050FD3 /* LivebotUITests.xctest */,
			);
			name = Products;
			sourceTree = "<group>";
		};
		B994C6C61F398FA900050FD3 /* Livebot */ = {
			isa = PBXGroup;
			children = (
				B994C6C71F398FA900050FD3 /* AppDelegate.swift */,
				B994C6C91F398FA900050FD3 /* ViewController.swift */,
				B994C6CB1F398FA900050FD3 /* Main.storyboard */,
				B994C6CE1F398FA900050FD3 /* Assets.xcassets */,
				B994C6D01F398FA900050FD3 /* LaunchScreen.storyboard */,
				B994C6D31F398FA900050FD3 /* Info.plist */,
			);
			path = Livebot;
			sourceTree = "<group>";
		};
		B994C6DB1F398FA900050FD3 /* LivebotTests */ = {
			isa = PBXGroup;
			children = (
				B994C6DC1F398FA900050FD3 /* LivebotTests.swift */,
				B994C6DE1F398FA900050FD3 /* Info.plist */,
			);
			path = LivebotTests;
			sourceTree = "<group>";
		};
		B994C6E61F398FA900050FD3 /* LivebotUITests */ = {
			isa = PBXGroup;
			children = (
				B994C6E71F398FA900050FD3 /* LivebotUITests.swift */,
				B994C6E91F398FA900050FD3 /* Info.plist */,
			);
			path = LivebotUITests;
			sourceTree = "<group>";
		};
/* End PBXGroup section */

/* Begin PBXNativeTarget section */
		B994C6C31F398FA900050FD3 /* Livebot */ = {
			isa = PBXNativeTarget;
			buildConfigurationList = B994C6EC1F398FA900050FD3 /* Build configuration list for PBXNativeTarget "Livebot" */;
			buildPhases = (
				B994C6C01F398FA900050FD3 /* Sources */,
				B994C6C11F398FA900050FD3 /* Frameworks */,
				B994C6C21F398FA900050FD3 /* Resources */,
			);
			buildRules = (
			);
			dependencies = (
			);
			name = Livebot;
			productName = Livebot;
			productReference = B994C6C41F398FA900050FD3 /* Livebot.app */;
			productType = "com.apple.product-type.application";
		};
		B994C6D71F398FA900050FD3 /* LivebotTests */ = {
			isa = PBXNativeTarget;
			buildConfigurationList = B994C6EF1F398FA900050FD3 /* Build configuration list for PBXNativeTarget "LivebotTests" */;
			buildPhases = (
				B994C6D41F398FA900050FD3 /* Sources */,
				B994C6D51F398FA900050FD3 /* Frameworks */,
				B994C6D61F398FA900050FD3 /* Resources */,
			);
			buildRules = (
			);
			dependencies = (
				B994C6DA1F398FA900050FD3 /* PBXTargetDependency */,
			);
			name = LivebotTests;
			productName = LivebotTests;
			productReference = B994C6D81F398FA900050FD3 /* LivebotTests.xctest */;
			productType = "com.apple.product-type.bundle.unit-test";
		};
		B994C6E21F398FA900050FD3 /* LivebotUITests */ = {
			isa = PBXNativeTarget;
			buildConfigurationList = B994C6F21F398FA900050FD3 /* Build configuration list for PBXNativeTarget "LivebotUITests" */;
			buildPhases = (
				B994C6DF1F398FA900050FD3 /* Sources */,
				B994C6E01F398FA900050FD3 /* Frameworks */,
				B994C6E11F398FA900050FD3 /* Resources */,
			);
			buildRules = (
			);
			dependencies = (
				B994C6E51F398FA900050FD3 /* PBXTargetDependency */,
			);
			name = LivebotUITests;
			productName = LivebotUITests;
			productReference = B994C6E31F398FA900050FD3 /* LivebotUITests.xctest */;
			productType = "com.apple.product-type.bundle.ui-testing";
		};
/* End PBXNativeTarget section */

/* Begin PBXProject section */
		B994C6BC1F398FA900050FD3 /* Project object */ = {
			isa = PBXProject;
			attributes = {
				LastSwiftUpdateCheck = 0830;
				LastUpgradeCheck = 0830;
				ORGANIZATIONNAME = "Zhe Cui";
				TargetAttributes = {
					B994C6C31F398FA900050FD3 = {
						CreatedOnToolsVersion = 8.3.3;
						DevelopmentTeam = TYA2375JGG;
						ProvisioningStyle = Automatic;
					};
					B994C6D71F398FA900050FD3 = {
						CreatedOnToolsVersion = 8.3.3;
						DevelopmentTeam = TYA2375JGG;
						ProvisioningStyle = Automatic;
						TestTargetID = B994C6C31F398FA900050FD3;
					};
					B994C6E21F398FA900050FD3 = {
						CreatedOnToolsVersion = 8.3.3;
						DevelopmentTeam = TYA2375JGG;
						ProvisioningStyle = Automatic;
						TestTargetID = B994C6C31F398FA900050FD3;
					};
				};
			};
			buildConfigurationList = B994C6BF1F398FA900050FD3 /* Build configuration list for PBXProject "Livebot" */;
			compatibilityVersion = "Xcode 3.2";
			developmentRegion = English;
			hasScannedForEncodings = 0;
			knownRegions = (
				en,
				Base,
			);
			mainGroup = B994C6BB1F398FA900050FD3;
			productRefGroup = B994C6C51F398FA900050FD3 /* Products */;
			projectDirPath = "";
			projectRoot = "";
			targets = (
				B994C6C31F398FA900050FD3 /* Livebot */,
				B994C6D71F398FA900050FD3 /* LivebotTests */,
				B994C6E21F398FA900050FD3 /* LivebotUITests */,
			);
		};
/* End PBXProject section */

/* Begin PBXResourcesBuildPhase section */
		B994C6C21F398FA900050FD3 /* Resources */ = {
			isa = PBXResourcesBuildPhase;
			buildActionMask = 2147483647;
			files = (
				B994C6D21F398FA900050FD3 /* LaunchScreen.storyboard in Resources */,
				B994C6CF1F398FA900050FD3 /* Assets.xcassets in Resources */,
				B994C6CD1F398FA900050FD3 /* Main.storyboard in Resources */,
			);
			runOnlyForDeploymentPostprocessing = 0;
		};
		B994C6D61F398FA900050FD3 /* Resources */ = {
			isa = PBXResourcesBuildPhase;
			buildActionMask = 2147483647;
			files = (
			);
			runOnlyForDeploymentPostprocessing = 0;
		};
		B994C6E11F398FA900050FD3 /* Resources */ = {
			isa = PBXResourcesBuildPhase;
			buildActionMask = 2147483647;
			files = (
			);
			runOnlyForDeploymentPostprocessing = 0;
		};
/* End PBXResourcesBuildPhase section */

/* Begin PBXSourcesBuildPhase section */
		B994C6C01F398FA900050FD3 /* Sources */ = {
			isa = PBXSourcesBuildPhase;
			buildActionMask = 2147483647;
			files = (
				B994C6CA1F398FA900050FD3 /* ViewController.swift in Sources */,
				B994C6C81F398FA900050FD3 /* AppDelegate.swift in Sources */,
			);
			runOnlyForDeploymentPostprocessing = 0;
		};
		B994C6D41F398FA900050FD3 /* Sources */ = {
			isa = PBXSourcesBuildPhase;
			buildActionMask = 2147483647;
			files = (
				B994C6DD1F398FA900050FD3 /* LivebotTests.swift in Sources */,
			);
			runOnlyForDeploymentPostprocessing = 0;
		};
		B994C6DF1F398FA900050FD3 /* Sources */ = {
			isa = PBXSourcesBuildPhase;
			buildActionMask = 2147483647;
			files = (
				B994C6E81F398FA900050FD3 /* LivebotUITests.swift in Sources */,
			);
			runOnlyForDeploymentPostprocessing = 0;
		};
/* End PBXSourcesBuildPhase section */

/* Begin PBXTargetDependency section */
		B994C6DA1F398FA900050FD3 /* PBXTargetDependency */ = {
			isa = PBXTargetDependency;
			target = B994C6C31F398FA900050FD3 /* Livebot */;
			targetProxy = B994C6D91F398FA900050FD3 /* PBXContainerItemProxy */;
		};
		B994C6E51F398FA900050FD3 /* PBXTargetDependency */ = {
			isa = PBXTargetDependency;
			target = B994C6C31F398FA900050FD3 /* Livebot */;
			targetProxy = B994C6E41F398FA900050FD3 /* PBXContainerItemProxy */;
		};
/* End PBXTargetDependency section */

/* Begin PBXVariantGroup section */
		B994C6CB1F398FA900050FD3 /* Main.storyboard */ = {
			isa = PBXVariantGroup;
			children = (
				B994C6CC1F398FA900050FD3 /* Base */,
			);
			name = Main.storyboard;
			sourceTree = "<group>";
		};
		B994C6D01F398FA900050FD3 /* LaunchScreen.storyboard */ = {
			isa = PBXVariantGroup;
			children = (
				B994C6D11F398FA900050FD3 /* Base */,
			);
			name = LaunchScreen.storyboard;
			sourceTree = "<group>";
		};
/* End PBXVariantGroup section */

/* Begin XCBuildConfiguration section */
		B994C6EA1F398FA900050FD3 /* Debug */ = {
			isa = XCBuildConfiguration;
			buildSettings = {
				ALWAYS_SEARCH_USER_PATHS = NO;
				CLANG_ANALYZER_NONNULL = YES;
				CLANG_ANALYZER_NUMBER_OBJECT_CONVERSION = YES_AGGRESSIVE;
				CLANG_CXX_LANGUAGE_STANDARD = "gnu++0x";
				CLANG_CXX_LIBRARY = "libc++";
				CLANG_ENABLE_MODULES = YES;
				CLANG_ENABLE_OBJC_ARC = YES;
				CLANG_WARN_BOOL_CONVERSION = YES;
				CLANG_WARN_CONSTANT_CONVERSION = YES;
				CLANG_WARN_DIRECT_OBJC_ISA_USAGE = YES_ERROR;
				CLANG_WARN_DOCUMENTATION_COMMENTS = YES;
				CLANG_WARN_EMPTY_BODY = YES;
				CLANG_WARN_ENUM_CONVERSION = YES;
				CLANG_WARN_INFINITE_RECURSION = YES;
				CLANG_WARN_INT_CONVERSION = YES;
				CLANG_WARN_OBJC_ROOT_CLASS = YES_ERROR;
				CLANG_WARN_SUSPICIOUS_MOVE = YES;
				CLANG_WARN_UNREACHABLE_CODE = YES;
				CLANG_WARN__DUPLICATE_METHOD_MATCH = YES;
				"CODE_SIGN_IDENTITY[sdk=iphoneos*]" = "iPhone Developer";
				COPY_PHASE_STRIP = NO;
				DEBUG_INFORMATION_FORMAT = dwarf;
				ENABLE_STRICT_OBJC_MSGSEND = YES;
				ENABLE_TESTABILITY = YES;
				GCC_C_LANGUAGE_STANDARD = gnu99;
				GCC_DYNAMIC_NO_PIC = NO;
				GCC_NO_COMMON_BLOCKS = YES;
				GCC_OPTIMIZATION_LEVEL = 0;
				GCC_PREPROCESSOR_DEFINITIONS = (
					"DEBUG=1",
					"$(inherited)",
				);
				GCC_WARN_64_TO_32_BIT_CONVERSION = YES;
				GCC_WARN_ABOUT_RETURN_TYPE = YES_ERROR;
				GCC_WARN_UNDECLARED_SELECTOR = YES;
				GCC_WARN_UNINITIALIZED_AUTOS = YES_AGGRESSIVE;
				GCC_WARN_UNUSED_FUNCTION = YES;
				GCC_WARN_UNUSED_VARIABLE = YES;
				IPHONEOS_DEPLOYMENT_TARGET = 10.3;
				MTL_ENABLE_DEBUG_INFO = YES;
				ONLY_ACTIVE_ARCH = YES;
				SDKROOT = iphoneos;
				SWIFT_ACTIVE_COMPILATION_CONDITIONS = DEBUG;
				SWIFT_OPTIMIZATION_LEVEL = "-Onone";
				TARGETED_DEVICE_FAMILY = "1,2";
			};
			name = Debug;
		};
		B994C6EB1F398FA900050FD3 /* Release */ = {
			isa = XCBuildConfiguration;
			buildSettings = {
				ALWAYS_SEARCH_USER_PATHS = NO;
				CLANG_ANALYZER_NONNULL = YES;
				CLANG_ANALYZER_NUMBER_OBJECT_CONVERSION = YES_AGGRESSIVE;
				CLANG_CXX_LANGUAGE_STANDARD = "gnu++0x";
				CLANG_CXX_LIBRARY = "libc++";
				CLANG_ENABLE_MODULES = YES;
				CLANG_ENABLE_OBJC_ARC = YES;
				CLANG_WARN_BOOL_CONVERSION = YES;
				CLANG_WARN_CONSTANT_CONVERSION = YES;
				CLANG_WARN_DIRECT_OBJC_ISA_USAGE = YES_ERROR;
				CLANG_WARN_DOCUMENTATION_COMMENTS = YES;
				CLANG_WARN_EMPTY_BODY = YES;
				CLANG_WARN_ENUM_CONVERSION = YES;
				CLANG_WARN_INFINITE_RECURSION = YES;
				CLANG_WARN_INT_CONVERSION = YES;
				CLANG_WARN_OBJC_ROOT_CLASS = YES_ERROR;
				CLANG_WARN_SUSPICIOUS_MOVE = YES;
				CLANG_WARN_UNREACHABLE_CODE = YES;
				CLANG_WARN__DUPLICATE_METHOD_MATCH = YES;
				"CODE_SIGN_IDENTITY[sdk=iphoneos*]" = "iPhone Developer";
				COPY_PHASE_STRIP = NO;
				DEBUG_INFORMATION_FORMAT = "dwarf-with-dsym";
				ENABLE_NS_ASSERTIONS = NO;
				ENABLE_STRICT_OBJC_MSGSEND = YES;
				GCC_C_LANGUAGE_STANDARD = gnu99;
				GCC_NO_COMMON_BLOCKS = YES;
				GCC_WARN_64_TO_32_BIT_CONVERSION = YES;
				GCC_WARN_ABOUT_RETURN_TYPE = YES_ERROR;
				GCC_WARN_UNDECLARED_SELECTOR = YES;
				GCC_WARN_UNINITIALIZED_AUTOS = YES_AGGRESSIVE;
				GCC_WARN_UNUSED_FUNCTION = YES;
				GCC_WARN_UNUSED_VARIABLE = YES;
				IPHONEOS_DEPLOYMENT_TARGET = 10.3;
				MTL_ENABLE_DEBUG_INFO = NO;
				SDKROOT = iphoneos;
				SWIFT_OPTIMIZATION_LEVEL = "-Owholemodule";
				TARGETED_DEVICE_FAMILY = "1,2";
				VALIDATE_PRODUCT = YES;
			};
			name = Release;
		};
		B994C6ED1F398FA900050FD3 /* Debug */ = {
			isa = XCBuildConfiguration;
			buildSettings = {
				ASSETCATALOG_COMPILER_APPICON_NAME = AppIcon;
				DEVELOPMENT_TEAM = TYA2375JGG;
				INFOPLIST_FILE = Livebot/Info.plist;
				LD_RUNPATH_SEARCH_PATHS = "$(inherited) @executable_path/Frameworks";
				PRODUCT_BUNDLE_IDENTIFIER = com.zhecui.Livebot;
				PRODUCT_NAME = "$(TARGET_NAME)";
				SWIFT_VERSION = 3.0;
			};
			name = Debug;
		};
		B994C6EE1F398FA900050FD3 /* Release */ = {
			isa = XCBuildConfiguration;
			buildSettings = {
				ASSETCATALOG_COMPILER_APPICON_NAME = AppIcon;
				DEVELOPMENT_TEAM = TYA2375JGG;
				INFOPLIST_FILE = Livebot/Info.plist;
				LD_RUNPATH_SEARCH_PATHS = "$(inherited) @executable_path/Frameworks";
				PRODUCT_BUNDLE_IDENTIFIER = com.zhecui.Livebot;
				PRODUCT_NAME = "$(TARGET_NAME)";
				SWIFT_VERSION = 3.0;
			};
			name = Release;
		};
		B994C6F01F398FA900050FD3 /* Debug */ = {
			isa = XCBuildConfiguration;
			buildSettings = {
				ALWAYS_EMBED_SWIFT_STANDARD_LIBRARIES = YES;
				BUNDLE_LOADER = "$(TEST_HOST)";
				DEVELOPMENT_TEAM = TYA2375JGG;
				INFOPLIST_FILE = LivebotTests/Info.plist;
				LD_RUNPATH_SEARCH_PATHS = "$(inherited) @executable_path/Frameworks @loader_path/Frameworks";
				PRODUCT_BUNDLE_IDENTIFIER = com.zhecui.LivebotTests;
				PRODUCT_NAME = "$(TARGET_NAME)";
				SWIFT_VERSION = 3.0;
				TEST_HOST = "$(BUILT_PRODUCTS_DIR)/Livebot.app/Livebot";
			};
			name = Debug;
		};
		B994C6F11F398FA900050FD3 /* Release */ = {
			isa = XCBuildConfiguration;
			buildSettings = {
				ALWAYS_EMBED_SWIFT_STANDARD_LIBRARIES = YES;
				BUNDLE_LOADER = "$(TEST_HOST)";
				DEVELOPMENT_TEAM = TYA2375JGG;
				INFOPLIST_FILE = LivebotTests/Info.plist;
				LD_RUNPATH_SEARCH_PATHS = "$(inherited) @executable_path/Frameworks @loader_path/Frameworks";
				PRODUCT_BUNDLE_IDENTIFIER = com.zhecui.LivebotTests;
				PRODUCT_NAME = "$(TARGET_NAME)";
				SWIFT_VERSION = 3.0;
				TEST_HOST = "$(BUILT_PRODUCTS_DIR)/Livebot.app/Livebot";
			};
			name = Release;
		};
		B994C6F31F398FA900050FD3 /* Debug */ = {
			isa = XCBuildConfiguration;
			buildSettings = {
				ALWAYS_EMBED_SWIFT_STANDARD_LIBRARIES = YES;
				DEVELOPMENT_TEAM = TYA2375JGG;
				INFOPLIST_FILE = LivebotUITests/Info.plist;
				LD_RUNPATH_SEARCH_PATHS = "$(inherited) @executable_path/Frameworks @loader_path/Frameworks";
				PRODUCT_BUNDLE_IDENTIFIER = com.zhecui.LivebotUITests;
				PRODUCT_NAME = "$(TARGET_NAME)";
				SWIFT_VERSION = 3.0;
				TEST_TARGET_NAME = Livebot;
			};
			name = Debug;
		};
		B994C6F41F398FA900050FD3 /* Release */ = {
			isa = XCBuildConfiguration;
			buildSettings = {
				ALWAYS_EMBED_SWIFT_STANDARD_LIBRARIES = YES;
				DEVELOPMENT_TEAM = TYA2375JGG;
				INFOPLIST_FILE = LivebotUITests/Info.plist;
				LD_RUNPATH_SEARCH_PATHS = "$(inherited) @executable_path/Frameworks @loader_path/Frameworks";
				PRODUCT_BUNDLE_IDENTIFIER = com.zhecui.LivebotUITests;
				PRODUCT_NAME = "$(TARGET_NAME)";
				SWIFT_VERSION = 3.0;
				TEST_TARGET_NAME = Livebot;
			};
			name = Release;
		};
/* End XCBuildConfiguration section */

/* Begin XCConfigurationList section */
		B994C6BF1F398FA900050FD3 /* Build configuration list for PBXProject "Livebot" */ = {
			isa = XCConfigurationList;
			buildConfigurations = (
				B994C6EA1F398FA900050FD3 /* Debug */,
				B994C6EB1F398FA900050FD3 /* Release */,
			);
			defaultConfigurationIsVisible = 0;
			defaultConfigurationName = Release;
		};
		B994C6EC1F398FA900050FD3 /* Build configuration list for PBXNativeTarget "Livebot" */ = {
			isa = XCConfigurationList;
			buildConfigurations = (
				B994C6ED1F398FA900050FD3 /* Debug */,
				B994C6EE1F398FA900050FD3 /* Release */,
			);
			defaultConfigurationIsVisible = 0;
		};
		B994C6EF1F398FA900050FD3 /* Build configuration list for PBXNativeTarget "LivebotTests" */ = {
			isa = XCConfigurationList;
			buildConfigurations = (
				B994C6F01F398FA900050FD3 /* Debug */,
				B994C6F11F398FA900050FD3 /* Release */,
			);
			defaultConfigurationIsVisible = 0;
		};
		B994C6F21F398FA900050FD3 /* Build configuration list for PBXNativeTarget "LivebotUITests" */ = {
			isa = XCConfigurationList;
			buildConfigurations = (
				B994C6F31F398FA900050FD3 /* Debug */,
				B994C6F41F398FA900050FD3 /* Release */,
			);
			defaultConfigurationIsVisible = 0;
		};
/* End XCConfigurationList section */
	};
	rootObject = B994C6BC1F398FA900050FD3 /* Project object */;
}
